// !$*UTF8*$!
{
	archiveVersion = 1;
	classes = {
	};
	objectVersion = 46;
	objects = {

/* Begin PBXBuildFile section */
		F219E1971DDA355900ADD14C /* main.m in Sources */ = {isa = PBXBuildFile; fileRef = F219E1961DDA355900ADD14C /* main.m */; };
		F219E19A1DDA355900ADD14C /* AppDelegate.m in Sources */ = {isa = PBXBuildFile; fileRef = F219E1991DDA355900ADD14C /* AppDelegate.m */; };
		F219E1A01DDA355900ADD14C /* Main.storyboard in Resources */ = {isa = PBXBuildFile; fileRef = F219E19E1DDA355900ADD14C /* Main.storyboard */; };
		F219E1A51DDA355900ADD14C /* LaunchScreen.storyboard in Resources */ = {isa = PBXBuildFile; fileRef = F219E1A31DDA355900ADD14C /* LaunchScreen.storyboard */; };
		F2428A1A1DDA609700C6BA58 /* Person.m in Sources */ = {isa = PBXBuildFile; fileRef = F2428A191DDA609700C6BA58 /* Person.m */; };
		F2428A1C1DDA60AB00C6BA58 /* Assets.xcassets in Resources */ = {isa = PBXBuildFile; fileRef = F2428A1B1DDA60AB00C6BA58 /* Assets.xcassets */; };
		F2428A221DDA60BE00C6BA58 /* ViewController.m in Sources */ = {isa = PBXBuildFile; fileRef = F2428A1E1DDA60BE00C6BA58 /* ViewController.m */; };
		F2428A231DDA60BE00C6BA58 /* ViewController+Identifier.m in Sources */ = {isa = PBXBuildFile; fileRef = F2428A201DDA60BE00C6BA58 /* ViewController+Identifier.m */; };
		F2428A261DDA619000C6BA58 /* Employee.m in Sources */ = {isa = PBXBuildFile; fileRef = F2428A251DDA619000C6BA58 /* Employee.m */; };
		F2428A291DDA87BA00C6BA58 /* NSString+WordArray.m in Sources */ = {isa = PBXBuildFile; fileRef = F2428A281DDA87BA00C6BA58 /* NSString+WordArray.m */; };
/* End PBXBuildFile section */

/* Begin PBXFileReference section */
		F219E1921DDA355900ADD14C /* Objective-C_Demo.app */ = {isa = PBXFileReference; explicitFileType = wrapper.application; includeInIndex = 0; path = "Objective-C_Demo.app"; sourceTree = BUILT_PRODUCTS_DIR; };
		F219E1961DDA355900ADD14C /* main.m */ = {isa = PBXFileReference; lastKnownFileType = sourcecode.c.objc; path = main.m; sourceTree = "<group>"; };
		F219E1981DDA355900ADD14C /* AppDelegate.h */ = {isa = PBXFileReference; lastKnownFileType = sourcecode.c.h; path = AppDelegate.h; sourceTree = "<group>"; };
		F219E1991DDA355900ADD14C /* AppDelegate.m */ = {isa = PBXFileReference; lastKnownFileType = sourcecode.c.objc; path = AppDelegate.m; sourceTree = "<group>"; };
		F219E19F1DDA355900ADD14C /* Base */ = {isa = PBXFileReference; lastKnownFileType = file.storyboard; name = Base; path = Base.lproj/Main.storyboard; sourceTree = "<group>"; };
		F219E1A41DDA355900ADD14C /* Base */ = {isa = PBXFileReference; lastKnownFileType = file.storyboard; name = Base; path = Base.lproj/LaunchScreen.storyboard; sourceTree = "<group>"; };
		F219E1A61DDA355900ADD14C /* Info.plist */ = {isa = PBXFileReference; lastKnownFileType = text.plist.xml; path = Info.plist; sourceTree = "<group>"; };
		F2428A181DDA609700C6BA58 /* Person.h */ = {isa = PBXFileReference; fileEncoding = 4; lastKnownFileType = sourcecode.c.h; name = Person.h; path = Models/Person.h; sourceTree = "<group>"; };
		F2428A191DDA609700C6BA58 /* Person.m */ = {isa = PBXFileReference; fileEncoding = 4; lastKnownFileType = sourcecode.c.objc; name = Person.m; path = Models/Person.m; sourceTree = "<group>"; };
		F2428A1B1DDA60AB00C6BA58 /* Assets.xcassets */ = {isa = PBXFileReference; lastKnownFileType = folder.assetcatalog; name = Assets.xcassets; path = Views/Assets.xcassets; sourceTree = "<group>"; };
		F2428A1D1DDA60BE00C6BA58 /* ViewController.h */ = {isa = PBXFileReference; fileEncoding = 4; lastKnownFileType = sourcecode.c.h; name = ViewController.h; path = Controllers/ViewController.h; sourceTree = "<group>"; };
		F2428A1E1DDA60BE00C6BA58 /* ViewController.m */ = {isa = PBXFileReference; fileEncoding = 4; lastKnownFileType = sourcecode.c.objc; name = ViewController.m; path = Controllers/ViewController.m; sourceTree = "<group>"; };
		F2428A1F1DDA60BE00C6BA58 /* ViewController+Identifier.h */ = {isa = PBXFileReference; fileEncoding = 4; lastKnownFileType = sourcecode.c.h; name = "ViewController+Identifier.h"; path = "Controllers/ViewController+Identifier.h"; sourceTree = "<group>"; };
		F2428A201DDA60BE00C6BA58 /* ViewController+Identifier.m */ = {isa = PBXFileReference; fileEncoding = 4; lastKnownFileType = sourcecode.c.objc; name = "ViewController+Identifier.m"; path = "Controllers/ViewController+Identifier.m"; sourceTree = "<group>"; };
		F2428A211DDA60BE00C6BA58 /* ViewControllerDataSource.h */ = {isa = PBXFileReference; fileEncoding = 4; lastKnownFileType = sourcecode.c.h; name = ViewControllerDataSource.h; path = Controllers/ViewControllerDataSource.h; sourceTree = "<group>"; };
		F2428A241DDA619000C6BA58 /* Employee.h */ = {isa = PBXFileReference; fileEncoding = 4; lastKnownFileType = sourcecode.c.h; name = Employee.h; path = Models/Employee.h; sourceTree = "<group>"; };
		F2428A251DDA619000C6BA58 /* Employee.m */ = {isa = PBXFileReference; fileEncoding = 4; lastKnownFileType = sourcecode.c.objc; name = Employee.m; path = Models/Employee.m; sourceTree = "<group>"; };
		F2428A271DDA87BA00C6BA58 /* NSString+WordArray.h */ = {isa = PBXFileReference; fileEncoding = 4; lastKnownFileType = sourcecode.c.h; name = "NSString+WordArray.h"; path = "Models/NSString+WordArray.h"; sourceTree = "<group>"; };
		F2428A281DDA87BA00C6BA58 /* NSString+WordArray.m */ = {isa = PBXFileReference; fileEncoding = 4; lastKnownFileType = sourcecode.c.objc; name = "NSString+WordArray.m"; path = "Models/NSString+WordArray.m"; sourceTree = "<group>"; };
/* End PBXFileReference section */

/* Begin PBXFrameworksBuildPhase section */
		F219E18F1DDA355800ADD14C /* Frameworks */ = {
			isa = PBXFrameworksBuildPhase;
			buildActionMask = 2147483647;
			files = (
			);
			runOnlyForDeploymentPostprocessing = 0;
		};
/* End PBXFrameworksBuildPhase section */

/* Begin PBXGroup section */
		F219E1891DDA355800ADD14C = {
			isa = PBXGroup;
			children = (
				F219E1941DDA355900ADD14C /* Objective-C_Demo */,
				F219E1931DDA355900ADD14C /* Products */,
			);
			sourceTree = "<group>";
		};
		F219E1931DDA355900ADD14C /* Products */ = {
			isa = PBXGroup;
			children = (
				F219E1921DDA355900ADD14C /* Objective-C_Demo.app */,
			);
			name = Products;
			sourceTree = "<group>";
		};
		F219E1941DDA355900ADD14C /* Objective-C_Demo */ = {
			isa = PBXGroup;
			children = (
				F219E1AF1DDA389300ADD14C /* Models */,
				F2428A171DDA606B00C6BA58 /* Views */,
				F2428A161DDA604E00C6BA58 /* Controllers */,
				F219E1981DDA355900ADD14C /* AppDelegate.h */,
				F219E1991DDA355900ADD14C /* AppDelegate.m */,
				F219E1A61DDA355900ADD14C /* Info.plist */,
				F219E1951DDA355900ADD14C /* Supporting Files */,
			);
			path = "Objective-C_Demo";
			sourceTree = "<group>";
		};
		F219E1951DDA355900ADD14C /* Supporting Files */ = {
			isa = PBXGroup;
			children = (
				F219E1961DDA355900ADD14C /* main.m */,
			);
			name = "Supporting Files";
			sourceTree = "<group>";
		};
		F219E1AF1DDA389300ADD14C /* Models */ = {
			isa = PBXGroup;
			children = (
				F2428A181DDA609700C6BA58 /* Person.h */,
				F2428A191DDA609700C6BA58 /* Person.m */,
				F2428A241DDA619000C6BA58 /* Employee.h */,
				F2428A251DDA619000C6BA58 /* Employee.m */,
				F2428A271DDA87BA00C6BA58 /* NSString+WordArray.h */,
				F2428A281DDA87BA00C6BA58 /* NSString+WordArray.m */,
			);
			name = Models;
			sourceTree = "<group>";
		};
		F2428A161DDA604E00C6BA58 /* Controllers */ = {
			isa = PBXGroup;
			children = (
				F2428A1D1DDA60BE00C6BA58 /* ViewController.h */,
				F2428A1E1DDA60BE00C6BA58 /* ViewController.m */,
				F2428A1F1DDA60BE00C6BA58 /* ViewController+Identifier.h */,
				F2428A201DDA60BE00C6BA58 /* ViewController+Identifier.m */,
				F2428A211DDA60BE00C6BA58 /* ViewControllerDataSource.h */,
			);
			name = Controllers;
			sourceTree = "<group>";
		};
		F2428A171DDA606B00C6BA58 /* Views */ = {
			isa = PBXGroup;
			children = (
				F2428A1B1DDA60AB00C6BA58 /* Assets.xcassets */,
				F219E19E1DDA355900ADD14C /* Main.storyboard */,
				F219E1A31DDA355900ADD14C /* LaunchScreen.storyboard */,
			);
			name = Views;
			sourceTree = "<group>";
		};
/* End PBXGroup section */

/* Begin PBXNativeTarget section */
		F219E1911DDA355800ADD14C /* Objective-C_Demo */ = {
			isa = PBXNativeTarget;
			buildConfigurationList = F219E1A91DDA355900ADD14C /* Build configuration list for PBXNativeTarget "Objective-C_Demo" */;
			buildPhases = (
				F219E18E1DDA355800ADD14C /* Sources */,
				F219E18F1DDA355800ADD14C /* Frameworks */,
				F219E1901DDA355800ADD14C /* Resources */,
			);
			buildRules = (
			);
			dependencies = (
			);
			name = "Objective-C_Demo";
			productName = "Objective-C_Demo";
			productReference = F219E1921DDA355900ADD14C /* Objective-C_Demo.app */;
			productType = "com.apple.product-type.application";
		};
/* End PBXNativeTarget section */

/* Begin PBXProject section */
		F219E18A1DDA355800ADD14C /* Project object */ = {
			isa = PBXProject;
			attributes = {
				LastUpgradeCheck = 0810;
				ORGANIZATIONNAME = "Bastardized Productions";
				TargetAttributes = {
					F219E1911DDA355800ADD14C = {
						CreatedOnToolsVersion = 8.1;
						DevelopmentTeam = KUNVAN4RR6;
						ProvisioningStyle = Automatic;
					};
				};
			};
			buildConfigurationList = F219E18D1DDA355800ADD14C /* Build configuration list for PBXProject "Objective-C_Demo" */;
			compatibilityVersion = "Xcode 3.2";
			developmentRegion = English;
			hasScannedForEncodings = 0;
			knownRegions = (
				en,
				Base,
			);
			mainGroup = F219E1891DDA355800ADD14C;
			productRefGroup = F219E1931DDA355900ADD14C /* Products */;
			projectDirPath = "";
			projectRoot = "";
			targets = (
				F219E1911DDA355800ADD14C /* Objective-C_Demo */,
			);
		};
/* End PBXProject section */

/* Begin PBXResourcesBuildPhase section */
		F219E1901DDA355800ADD14C /* Resources */ = {
			isa = PBXResourcesBuildPhase;
			buildActionMask = 2147483647;
			files = (
				F219E1A51DDA355900ADD14C /* LaunchScreen.storyboard in Resources */,
				F2428A1C1DDA60AB00C6BA58 /* Assets.xcassets in Resources */,
				F219E1A01DDA355900ADD14C /* Main.storyboard in Resources */,
			);
			runOnlyForDeploymentPostprocessing = 0;
		};
/* End PBXResourcesBuildPhase section */

/* Begin PBXSourcesBuildPhase section */
		F219E18E1DDA355800ADD14C /* Sources */ = {
			isa = PBXSourcesBuildPhase;
			buildActionMask = 2147483647;
			files = (
				F2428A1A1DDA609700C6BA58 /* Person.m in Sources */,
				F219E19A1DDA355900ADD14C /* AppDelegate.m in Sources */,
				F2428A231DDA60BE00C6BA58 /* ViewController+Identifier.m in Sources */,
				F2428A261DDA619000C6BA58 /* Employee.m in Sources */,
				F2428A221DDA60BE00C6BA58 /* ViewController.m in Sources */,
				F2428A291DDA87BA00C6BA58 /* NSString+WordArray.m in Sources */,
				F219E1971DDA355900ADD14C /* main.m in Sources */,
			);
			runOnlyForDeploymentPostprocessing = 0;
		};
/* End PBXSourcesBuildPhase section */

/* Begin PBXVariantGroup section */
		F219E19E1DDA355900ADD14C /* Main.storyboard */ = {
			isa = PBXVariantGroup;
			children = (
				F219E19F1DDA355900ADD14C /* Base */,
			);
			name = Main.storyboard;
			sourceTree = "<group>";
		};
		F219E1A31DDA355900ADD14C /* LaunchScreen.storyboard */ = {
			isa = PBXVariantGroup;
			children = (
				F219E1A41DDA355900ADD14C /* Base */,
			);
			name = LaunchScreen.storyboard;
			sourceTree = "<group>";
		};
/* End PBXVariantGroup section */

/* Begin XCBuildConfiguration section */
		F219E1A71DDA355900ADD14C /* Debug */ = {
			isa = XCBuildConfiguration;
			buildSettings = {
				ALWAYS_SEARCH_USER_PATHS = NO;
				CLANG_ANALYZER_NONNULL = YES;
				CLANG_CXX_LANGUAGE_STANDARD = "gnu++0x";
				CLANG_CXX_LIBRARY = "libc++";
				CLANG_ENABLE_MODULES = YES;
				CLANG_ENABLE_OBJC_ARC = YES;
				CLANG_WARN_BOOL_CONVERSION = YES;
				CLANG_WARN_CONSTANT_CONVERSION = YES;
				CLANG_WARN_DIRECT_OBJC_ISA_USAGE = YES_ERROR;
				CLANG_WARN_DOCUMENTATION_COMMENTS = YES;
				CLANG_WARN_EMPTY_BODY = YES;
				CLANG_WARN_ENUM_CONVERSION = YES;
				CLANG_WARN_INFINITE_RECURSION = YES;
				CLANG_WARN_INT_CONVERSION = YES;
				CLANG_WARN_OBJC_ROOT_CLASS = YES_ERROR;
				CLANG_WARN_SUSPICIOUS_MOVES = YES;
				CLANG_WARN_UNREACHABLE_CODE = YES;
				CLANG_WARN__DUPLICATE_METHOD_MATCH = YES;
				"CODE_SIGN_IDENTITY[sdk=iphoneos*]" = "iPhone Developer";
				COPY_PHASE_STRIP = NO;
				DEBUG_INFORMATION_FORMAT = dwarf;
				ENABLE_STRICT_OBJC_MSGSEND = YES;
				ENABLE_TESTABILITY = YES;
				GCC_C_LANGUAGE_STANDARD = gnu99;
				GCC_DYNAMIC_NO_PIC = NO;
				GCC_NO_COMMON_BLOCKS = YES;
				GCC_OPTIMIZATION_LEVEL = 0;
				GCC_PREPROCESSOR_DEFINITIONS = (
					"DEBUG=1",
					"$(inherited)",
				);
				GCC_WARN_64_TO_32_BIT_CONVERSION = YES;
				GCC_WARN_ABOUT_RETURN_TYPE = YES_ERROR;
				GCC_WARN_UNDECLARED_SELECTOR = YES;
				GCC_WARN_UNINITIALIZED_AUTOS = YES_AGGRESSIVE;
				GCC_WARN_UNUSED_FUNCTION = YES;
				GCC_WARN_UNUSED_VARIABLE = YES;
				IPHONEOS_DEPLOYMENT_TARGET = 10.1;
				MTL_ENABLE_DEBUG_INFO = YES;
				ONLY_ACTIVE_ARCH = YES;
				SDKROOT = iphoneos;
				TARGETED_DEVICE_FAMILY = "1,2";
			};
			name = Debug;
		};
		F219E1A81DDA355900ADD14C /* Release */ = {
			isa = XCBuildConfiguration;
			buildSettings = {
				ALWAYS_SEARCH_USER_PATHS = NO;
				CLANG_ANALYZER_NONNULL = YES;
				CLANG_CXX_LANGUAGE_STANDARD = "gnu++0x";
				CLANG_CXX_LIBRARY = "libc++";
				CLANG_ENABLE_MODULES = YES;
				CLANG_ENABLE_OBJC_ARC = YES;
				CLANG_WARN_BOOL_CONVERSION = YES;
				CLANG_WARN_CONSTANT_CONVERSION = YES;
				CLANG_WARN_DIRECT_OBJC_ISA_USAGE = YES_ERROR;
				CLANG_WARN_DOCUMENTATION_COMMENTS = YES;
				CLANG_WARN_EMPTY_BODY = YES;
				CLANG_WARN_ENUM_CONVERSION = YES;
				CLANG_WARN_INFINITE_RECURSION = YES;
				CLANG_WARN_INT_CONVERSION = YES;
				CLANG_WARN_OBJC_ROOT_CLASS = YES_ERROR;
				CLANG_WARN_SUSPICIOUS_MOVES = YES;
				CLANG_WARN_UNREACHABLE_CODE = YES;
				CLANG_WARN__DUPLICATE_METHOD_MATCH = YES;
				"CODE_SIGN_IDENTITY[sdk=iphoneos*]" = "iPhone Developer";
				COPY_PHASE_STRIP = NO;
				DEBUG_INFORMATION_FORMAT = "dwarf-with-dsym";
				ENABLE_NS_ASSERTIONS = NO;
				ENABLE_STRICT_OBJC_MSGSEND = YES;
				GCC_C_LANGUAGE_STANDARD = gnu99;
				GCC_NO_COMMON_BLOCKS = YES;
				GCC_WARN_64_TO_32_BIT_CONVERSION = YES;
				GCC_WARN_ABOUT_RETURN_TYPE = YES_ERROR;
				GCC_WARN_UNDECLARED_SELECTOR = YES;
				GCC_WARN_UNINITIALIZED_AUTOS = YES_AGGRESSIVE;
				GCC_WARN_UNUSED_FUNCTION = YES;
				GCC_WARN_UNUSED_VARIABLE = YES;
				IPHONEOS_DEPLOYMENT_TARGET = 10.1;
				MTL_ENABLE_DEBUG_INFO = NO;
				SDKROOT = iphoneos;
				TARGETED_DEVICE_FAMILY = "1,2";
				VALIDATE_PRODUCT = YES;
			};
			name = Release;
		};
		F219E1AA1DDA355900ADD14C /* Debug */ = {
			isa = XCBuildConfiguration;
			buildSettings = {
				ASSETCATALOG_COMPILER_APPICON_NAME = AppIcon;
				DEVELOPMENT_TEAM = KUNVAN4RR6;
				INFOPLIST_FILE = "Objective-C_Demo/Info.plist";
				LD_RUNPATH_SEARCH_PATHS = "$(inherited) @executable_path/Frameworks";
				PRODUCT_BUNDLE_IDENTIFIER = "com.bastardized.jhearn.Objective-C-Demo";
				PRODUCT_NAME = "$(TARGET_NAME)";
			};
			name = Debug;
		};
		F219E1AB1DDA355900ADD14C /* Release */ = {
			isa = XCBuildConfiguration;
			buildSettings = {
				ASSETCATALOG_COMPILER_APPICON_NAME = AppIcon;
				DEVELOPMENT_TEAM = KUNVAN4RR6;
				INFOPLIST_FILE = "Objective-C_Demo/Info.plist";
				LD_RUNPATH_SEARCH_PATHS = "$(inherited) @executable_path/Frameworks";
				PRODUCT_BUNDLE_IDENTIFIER = "com.bastardized.jhearn.Objective-C-Demo";
				PRODUCT_NAME = "$(TARGET_NAME)";
			};
			name = Release;
		};
/* End XCBuildConfiguration section */

/* Begin XCConfigurationList section */
		F219E18D1DDA355800ADD14C /* Build configuration list for PBXProject "Objective-C_Demo" */ = {
			isa = XCConfigurationList;
			buildConfigurations = (
				F219E1A71DDA355900ADD14C /* Debug */,
				F219E1A81DDA355900ADD14C /* Release */,
			);
			defaultConfigurationIsVisible = 0;
			defaultConfigurationName = Release;
		};
		F219E1A91DDA355900ADD14C /* Build configuration list for PBXNativeTarget "Objective-C_Demo" */ = {
			isa = XCConfigurationList;
			buildConfigurations = (
				F219E1AA1DDA355900ADD14C /* Debug */,
				F219E1AB1DDA355900ADD14C /* Release */,
			);
			defaultConfigurationIsVisible = 0;
			defaultConfigurationName = Release;
		};
/* End XCConfigurationList section */
	};
	rootObject = F219E18A1DDA355800ADD14C /* Project object */;
}
